<?xml version="1.0" encoding="utf-8"?>
<Project ToolsVersion="4.0" xmlns="http://schemas.microsoft.com/developer/msbuild/2003">
  <ItemGroup>
    <Filter Include="Source Files">
      <UniqueIdentifier>{4FC737F1-C7A5-4376-A066-2A32D752A2FF}</UniqueIdentifier>
      <Extensions>cpp;c;cc;cxx;c++;cppm;ixx;def;odl;idl;hpj;bat;asm;asmx</Extensions>
    </Filter>
    <Filter Include="Header Files">
      <UniqueIdentifier>{93995380-89BD-4b04-88EB-625FBE52EBFB}</UniqueIdentifier>
      <Extensions>h;hh;hpp;hxx;h++;hm;inl;inc;ipp;xsd</Extensions>
    </Filter>
    <Filter Include="Resource Files">
      <UniqueIdentifier>{67DA6AB6-F800-4c08-8B7A-83BB121AAD01}</UniqueIdentifier>
      <Extensions>rc;ico;cur;bmp;dlg;rc2;rct;bin;rgs;gif;jpg;jpeg;jpe;resx;tiff;tif;png;wav;mfcribbon-ms</Extensions>
    </Filter>
    <Filter Include="Source Files\Shaders">
      <UniqueIdentifier>{f60aa98d-ac82-4a73-8e8a-6a8c57d36553}</UniqueIdentifier>
    </Filter>
    <Filter Include="Source Files\imGui">
      <UniqueIdentifier>{91bb558b-eeae-4c24-af98-87a7f55e5537}</UniqueIdentifier>
    </Filter>
  </ItemGroup>
  <ItemGroup>
    <ClCompile Include="Source\Main.cpp">
      <Filter>Source Files</Filter>
    </ClCompile>
    <ClCompile Include="Contrib\Glew\src\glew.c">
      <Filter>Source Files</Filter>
    </ClCompile>
    <ClCompile Include="Source\Misc.cpp">
      <Filter>Source Files</Filter>
    </ClCompile>
    <ClCompile Include="Source\Rendering.cpp">
      <Filter>Source Files</Filter>
    </ClCompile>
    <ClCompile Include="Source\Block.cpp">
      <Filter>Source Files</Filter>
    </ClCompile>
    <ClCompile Include="Source\WinInterop.cpp">
      <Filter>Source Files</Filter>
    </ClCompile>
    <ClCompile Include="Source\Computer.cpp">
      <Filter>Source Files</Filter>
    </ClCompile>
    <ClCompile Include="Source\Math.cpp">
      <Filter>Source Files</Filter>
    </ClCompile>
    <ClCompile Include="Source\Noise.cpp">
      <Filter>Source Files</Filter>
    </ClCompile>
    <ClCompile Include="Source\Input.cpp">
      <Filter>Source Files</Filter>
    </ClCompile>
    <ClCompile Include="Contrib\imgui-master\imgui.cpp">
      <Filter>Source Files\imGui</Filter>
    </ClCompile>
    <ClCompile Include="Contrib\imgui-master\imgui_demo.cpp">
      <Filter>Source Files\imGui</Filter>
    </ClCompile>
    <ClCompile Include="Contrib\imgui-master\imgui_draw.cpp">
      <Filter>Source Files\imGui</Filter>
    </ClCompile>
    <ClCompile Include="Contrib\imgui-master\imgui_tables.cpp">
      <Filter>Source Files\imGui</Filter>
    </ClCompile>
    <ClCompile Include="Contrib\imgui-master\imgui_widgets.cpp">
      <Filter>Source Files\imGui</Filter>
    </ClCompile>
    <ClCompile Include="Source\imgui_impl_sdl.cpp">
      <Filter>Source Files\imGui</Filter>
    </ClCompile>
    <ClCompile Include="Source\imgui_impl_opengl3.cpp">
      <Filter>Source Files\imGui</Filter>
    </ClCompile>
    <ClCompile Include="Source\Gameplay.cpp">
      <Filter>Source Files</Filter>
    </ClCompile>
    <ClCompile Include="Source\Entity.cpp">
      <Filter>Source Files</Filter>
    </ClCompile>
    <ClCompile Include="Source\Inventory.cpp">
      <Filter>Source Files</Filter>
    </ClCompile>
    <ClCompile Include="Source\Chunk.cpp">
      <Filter>Source Files</Filter>
    </ClCompile>
    <ClCompile Include="Contrib\tracy-master\TracyClient.cpp">
      <Filter>Source Files</Filter>
    </ClCompile>
  </ItemGroup>
  <ItemGroup>
    <None Include="README.md">
      <Filter>Source Files</Filter>
    </None>
    <None Include="Source\Shaders\Chunk.frag">
      <Filter>Source Files\Shaders</Filter>
    </None>
    <None Include="Source\Shaders\Chunk.vert">
      <Filter>Source Files\Shaders</Filter>
    </None>
    <None Include="Source\Shaders\Cube.frag">
      <Filter>Source Files\Shaders</Filter>
    </None>
    <None Include="Source\Shaders\Cube.vert">
      <Filter>Source Files\Shaders</Filter>
    </None>
    <None Include="Source\Shaders\Sun.frag">
      <Filter>Source Files\Shaders</Filter>
    </None>
    <None Include="Source\Shaders\Sun.vert">
      <Filter>Source Files\Shaders</Filter>
    </None>
    <None Include="Source\Shaders\BufferCopy.frag">
      <Filter>Source Files\Shaders</Filter>
    </None>
    <None Include="Source\Shaders\BufferCopy.vert">
      <Filter>Source Files\Shaders</Filter>
    </None>
    <None Include="Source\Shaders\ChunkTransparent.frag">
      <Filter>Source Files\Shaders</Filter>
    </None>
    <None Include="Source\Shaders\Composite.frag">
      <Filter>Source Files\Shaders</Filter>
    </None>
    <None Include="Source\Shaders\CubeTransparent.frag">
      <Filter>Source Files\Shaders</Filter>
    </None>
    <None Include="Source\Shaders\UI.frag">
      <Filter>Source Files\Shaders</Filter>
    </None>
    <None Include="Source\Shaders\UI.vert">
      <Filter>Source Files\Shaders</Filter>
    </None>
  </ItemGroup>
  <ItemGroup>
    <ClInclude Include="Source\Misc.h">
      <Filter>Source Files</Filter>
    </ClInclude>
    <ClInclude Include="Source\Rendering.h">
      <Filter>Source Files</Filter>
    </ClInclude>
    <ClInclude Include="Source\Block.h">
      <Filter>Source Files</Filter>
    </ClInclude>
    <ClInclude Include="Source\WinInterop.h">
      <Filter>Source Files</Filter>
    </ClInclude>
    <ClInclude Include="Source\Computer.h">
      <Filter>Source Files</Filter>
    </ClInclude>
    <ClInclude Include="Source\Math.h">
      <Filter>Source Files</Filter>
    </ClInclude>
    <ClInclude Include="Source\Noise.h">
      <Filter>Source Files</Filter>
    </ClInclude>
    <ClInclude Include="Source\Input.h">
      <Filter>Source Files</Filter>
    </ClInclude>
    <ClInclude Include="Contrib\imgui-master\imgui.h">
      <Filter>Source Files\imGui</Filter>
    </ClInclude>
    <ClInclude Include="Contrib\imgui-master\imconfig.h">
      <Filter>Source Files\imGui</Filter>
    </ClInclude>
    <ClInclude Include="Contrib\imgui-master\imgui_internal.h">
      <Filter>Source Files\imGui</Filter>
    </ClInclude>
    <ClInclude Include="Contrib\imgui-master\imstb_rectpack.h">
      <Filter>Source Files\imGui</Filter>
    </ClInclude>
    <ClInclude Include="Contrib\imgui-master\imstb_textedit.h">
      <Filter>Source Files\imGui</Filter>
    </ClInclude>
    <ClInclude Include="Contrib\imgui-master\imstb_truetype.h">
      <Filter>Source Files\imGui</Filter>
    </ClInclude>
    <ClInclude Include="Source\imgui_impl_opengl3.h">
      <Filter>Source Files\imGui</Filter>
    </ClInclude>
    <ClInclude Include="Source\imgui_impl_sdl.h">
      <Filter>Source Files\imGui</Filter>
    </ClInclude>
    <ClInclude Include="Source\Gameplay.h">
      <Filter>Source Files</Filter>
    </ClInclude>
    <ClInclude Include="Source\Entity.h">
      <Filter>Source Files</Filter>
    </ClInclude>
    <ClInclude Include="Source\Inventory.h">
      <Filter>Source Files</Filter>
    </ClInclude>
    <ClInclude Include="Source\Chunk.h">
      <Filter>Source Files</Filter>
    </ClInclude>
  </ItemGroup>
</Project>